
Microsoft Visual Studio Solution File, Format Version 12.00
# Visual Studio Version 17
VisualStudioVersion = 17.9.34902.65
MinimumVisualStudioVersion = 10.0.40219.1
Project("{FAE04EC0-301F-11D3-BF4B-00C04F79EFBC}") = "Simply-Calculator", "Simply-Calculator\Simply-Calculator.csproj", "{8F6BAB38-8DF4-4BE6-A2EF-36499F8D0463}"
EndProject
Global
	GlobalSection(SolutionConfigurationPlatforms) = preSolution
		Debug|Any CPU = Debug|Any CPU
		Release|Any CPU = Release|Any CPU
	EndGlobalSection
	GlobalSection(ProjectConfigurationPlatforms) = postSolution
		{8F6BAB38-8DF4-4BE6-A2EF-36499F8D0463}.Debug|Any CPU.ActiveCfg = Debug|Any CPU
		{8F6BAB38-8DF4-4BE6-A2EF-36499F8D0463}.Debug|Any CPU.Build.0 = Debug|Any CPU
		{8F6BAB38-8DF4-4BE6-A2EF-36499F8D0463}.Release|Any CPU.ActiveCfg = Release|Any CPU
		{8F6BAB38-8DF4-4BE6-A2EF-36499F8D0463}.Release|Any CPU.Build.0 = Release|Any CPU
	EndGlobalSection
	GlobalSection(SolutionProperties) = preSolution
		HideSolutionNode = FALSE
	EndGlobalSection
	GlobalSection(ExtensibilityGlobals) = postSolution
		SolutionGuid = {F523C0C5-1202-4DA5-A203-E996D23579EA}
	EndGlobalSection
EndGlobal
